
Microsoft Visual Studio Solution File, Format Version 12.00
# Visual Studio Version 17
VisualStudioVersion = 17.14.36518.9 d17.14
MinimumVisualStudioVersion = 10.0.40219.1
Project("{FAE04EC0-301F-11D3-BF4B-00C04F79EFBC}") = "KitaKo", "KitaKo\KitaKo.csproj", "{56E3F968-E032-40A4-8607-574B798A8FB1}"
EndProject
Global
	GlobalSection(SolutionConfigurationPlatforms) = preSolution
		Debug|Any CPU = Debug|Any CPU
		Release|Any CPU = Release|Any CPU
	EndGlobalSection
	GlobalSection(ProjectConfigurationPlatforms) = postSolution
		{56E3F968-E032-40A4-8607-574B798A8FB1}.Debug|Any CPU.ActiveCfg = Debug|Any CPU
		{56E3F968-E032-40A4-8607-574B798A8FB1}.Debug|Any CPU.Build.0 = Debug|Any CPU
		{56E3F968-E032-40A4-8607-574B798A8FB1}.Release|Any CPU.ActiveCfg = Release|Any CPU
		{56E3F968-E032-40A4-8607-574B798A8FB1}.Release|Any CPU.Build.0 = Release|Any CPU
	EndGlobalSection
	GlobalSection(SolutionProperties) = preSolution
		HideSolutionNode = FALSE
	EndGlobalSection
	GlobalSection(ExtensibilityGlobals) = postSolution
		SolutionGuid = {D972A6E0-2473-43A6-9772-49C012E5CC63}
	EndGlobalSection
EndGlobal
